
Microsoft Visual Studio Solution File, Format Version 12.00
# Visual Studio Version 17
VisualStudioVersion = 17.13.35931.197
MinimumVisualStudioVersion = 10.0.40219.1
Project("{FAE04EC0-301F-11D3-BF4B-00C04F79EFBC}") = "YYCSharpLab", "YYCSharpLab\YYCSharpLab.csproj", "{AA2305E3-623A-42CC-B937-9A2918B949E2}"
EndProject
Project("{2150E333-8FDC-42A3-9474-1A3956D46DE8}") = "Libraries", "Libraries", "{02EA681E-C7D8-13C7-8484-4AC65E1B71E8}"
EndProject
Project("{2150E333-8FDC-42A3-9474-1A3956D46DE8}") = "Applications", "Applications", "{D3B2C032-D1E5-4EA3-AD85-ECDC1AD58439}"
EndProject
Project("{2150E333-8FDC-42A3-9474-1A3956D46DE8}") = "Plugins", "Plugins", "{F9E562AF-4BCE-4526-A8D5-11CF44276AD8}"
EndProject
Project("{2150E333-8FDC-42A3-9474-1A3956D46DE8}") = "Tests", "Tests", "{6AD04A50-CAEB-4977-979C-82375780CB71}"
EndProject
Project("{2150E333-8FDC-42A3-9474-1A3956D46DE8}") = "SharedResources", "SharedResources", "{27E45510-3575-4D74-912C-F6E8E9EF4755}"
EndProject
Project("{FAE04EC0-301F-11D3-BF4B-00C04F79EFBC}") = "ImageViewerApp", "ImageViewerApp\ImageViewerApp.csproj", "{81143E56-030B-45F3-8D40-3581BC983D18}"
EndProject
Project("{FAE04EC0-301F-11D3-BF4B-00C04F79EFBC}") = "RJContumControls", "RJContumControls\RJContumControls.csproj", "{D34DE4A2-BF38-42ED-91E4-28C82D4CEC28}"
EndProject
Project("{FAE04EC0-301F-11D3-BF4B-00C04F79EFBC}") = "CollectionUtilities", "CollectionUtilities\CollectionUtilities.csproj", "{A66B7A62-6A8E-4A5B-B67C-904D02FA6D98}"
EndProject
Project("{FAE04EC0-301F-11D3-BF4B-00C04F79EFBC}") = "FileUtilities", "FileUtilities\FileUtilities.csproj", "{0BC3238F-21DF-4560-8BAA-F000B93B2487}"
EndProject
Project("{FAE04EC0-301F-11D3-BF4B-00C04F79EFBC}") = "ImageProcessingUtilities", "ImageProcessingUtilities\ImageProcessingUtilities.csproj", "{269B13BC-E938-42E2-AC11-16B2DEB0D22F}"
EndProject
Project("{FAE04EC0-301F-11D3-BF4B-00C04F79EFBC}") = "DateTimeUtilities", "DateTimeUtilities\DateTimeUtilities.csproj", "{62F4E7E9-15A3-4479-BFC5-56594EA5AEF2}"
EndProject
Project("{FAE04EC0-301F-11D3-BF4B-00C04F79EFBC}") = "MathUtilities", "MathUtilities\MathUtilities.csproj", "{A3BE213F-EEF1-4979-97C0-1F338809E01D}"
EndProject
Project("{FAE04EC0-301F-11D3-BF4B-00C04F79EFBC}") = "Project_TrafficLight_StatePattern", "Project_TrafficLight_StatePattern\Project_TrafficLight_StatePattern.csproj", "{53D72FB1-8A6C-4F8F-9192-1E96AC17EF7F}"
EndProject
Project("{FAE04EC0-301F-11D3-BF4B-00C04F79EFBC}") = "Project_ImageViewer", "Project_ImageViewer\Project_ImageViewer.csproj", "{22A90F6E-892A-4115-A566-C38B88A67918}"
EndProject
Project("{FAE04EC0-301F-11D3-BF4B-00C04F79EFBC}") = "LoggingUtilities", "LoggingUtilities\LoggingUtilities.csproj", "{45CAFD35-580E-4B18-A7CE-7663DB8A79AC}"
EndProject
Project("{FAE04EC0-301F-11D3-BF4B-00C04F79EFBC}") = "CompressionUtilities", "CompressionUtilities\CompressionUtilities.csproj", "{0B24DE14-3DC1-4FC6-AA20-7B89EACEB353}"
EndProject
Project("{FAE04EC0-301F-11D3-BF4B-00C04F79EFBC}") = "CustomControls", "CustomControls\CustomControls.csproj", "{A312CAB1-FC54-42FC-AA30-26758CDA0EB3}"
EndProject
Project("{FAE04EC0-301F-11D3-BF4B-00C04F79EFBC}") = "UIFramework", "UIFramework\UIFramework.csproj", "{BB647DF0-DAAA-499D-9058-84A7647DB133}"
EndProject
Global
	GlobalSection(SolutionConfigurationPlatforms) = preSolution
		Debug|Any CPU = Debug|Any CPU
		Release|Any CPU = Release|Any CPU
	EndGlobalSection
	GlobalSection(ProjectConfigurationPlatforms) = postSolution
		{AA2305E3-623A-42CC-B937-9A2918B949E2}.Debug|Any CPU.ActiveCfg = Debug|Any CPU
		{AA2305E3-623A-42CC-B937-9A2918B949E2}.Debug|Any CPU.Build.0 = Debug|Any CPU
		{AA2305E3-623A-42CC-B937-9A2918B949E2}.Release|Any CPU.ActiveCfg = Release|Any CPU
		{AA2305E3-623A-42CC-B937-9A2918B949E2}.Release|Any CPU.Build.0 = Release|Any CPU
		{81143E56-030B-45F3-8D40-3581BC983D18}.Debug|Any CPU.ActiveCfg = Debug|Any CPU
		{81143E56-030B-45F3-8D40-3581BC983D18}.Debug|Any CPU.Build.0 = Debug|Any CPU
		{81143E56-030B-45F3-8D40-3581BC983D18}.Release|Any CPU.ActiveCfg = Release|Any CPU
		{81143E56-030B-45F3-8D40-3581BC983D18}.Release|Any CPU.Build.0 = Release|Any CPU
		{D34DE4A2-BF38-42ED-91E4-28C82D4CEC28}.Debug|Any CPU.ActiveCfg = Debug|Any CPU
		{D34DE4A2-BF38-42ED-91E4-28C82D4CEC28}.Debug|Any CPU.Build.0 = Debug|Any CPU
		{D34DE4A2-BF38-42ED-91E4-28C82D4CEC28}.Release|Any CPU.ActiveCfg = Release|Any CPU
		{D34DE4A2-BF38-42ED-91E4-28C82D4CEC28}.Release|Any CPU.Build.0 = Release|Any CPU
		{A66B7A62-6A8E-4A5B-B67C-904D02FA6D98}.Debug|Any CPU.ActiveCfg = Debug|Any CPU
		{A66B7A62-6A8E-4A5B-B67C-904D02FA6D98}.Debug|Any CPU.Build.0 = Debug|Any CPU
		{A66B7A62-6A8E-4A5B-B67C-904D02FA6D98}.Release|Any CPU.ActiveCfg = Release|Any CPU
		{A66B7A62-6A8E-4A5B-B67C-904D02FA6D98}.Release|Any CPU.Build.0 = Release|Any CPU
		{0BC3238F-21DF-4560-8BAA-F000B93B2487}.Debug|Any CPU.ActiveCfg = Debug|Any CPU
		{0BC3238F-21DF-4560-8BAA-F000B93B2487}.Debug|Any CPU.Build.0 = Debug|Any CPU
		{0BC3238F-21DF-4560-8BAA-F000B93B2487}.Release|Any CPU.ActiveCfg = Release|Any CPU
		{0BC3238F-21DF-4560-8BAA-F000B93B2487}.Release|Any CPU.Build.0 = Release|Any CPU
		{269B13BC-E938-42E2-AC11-16B2DEB0D22F}.Debug|Any CPU.ActiveCfg = Debug|Any CPU
		{269B13BC-E938-42E2-AC11-16B2DEB0D22F}.Debug|Any CPU.Build.0 = Debug|Any CPU
		{269B13BC-E938-42E2-AC11-16B2DEB0D22F}.Release|Any CPU.ActiveCfg = Release|Any CPU
		{269B13BC-E938-42E2-AC11-16B2DEB0D22F}.Release|Any CPU.Build.0 = Release|Any CPU
		{62F4E7E9-15A3-4479-BFC5-56594EA5AEF2}.Debug|Any CPU.ActiveCfg = Debug|Any CPU
		{62F4E7E9-15A3-4479-BFC5-56594EA5AEF2}.Debug|Any CPU.Build.0 = Debug|Any CPU
		{62F4E7E9-15A3-4479-BFC5-56594EA5AEF2}.Release|Any CPU.ActiveCfg = Release|Any CPU
		{62F4E7E9-15A3-4479-BFC5-56594EA5AEF2}.Release|Any CPU.Build.0 = Release|Any CPU
		{A3BE213F-EEF1-4979-97C0-1F338809E01D}.Debug|Any CPU.ActiveCfg = Debug|Any CPU
		{A3BE213F-EEF1-4979-97C0-1F338809E01D}.Debug|Any CPU.Build.0 = Debug|Any CPU
		{A3BE213F-EEF1-4979-97C0-1F338809E01D}.Release|Any CPU.ActiveCfg = Release|Any CPU
		{A3BE213F-EEF1-4979-97C0-1F338809E01D}.Release|Any CPU.Build.0 = Release|Any CPU
		{53D72FB1-8A6C-4F8F-9192-1E96AC17EF7F}.Debug|Any CPU.ActiveCfg = Debug|Any CPU
		{53D72FB1-8A6C-4F8F-9192-1E96AC17EF7F}.Debug|Any CPU.Build.0 = Debug|Any CPU
		{53D72FB1-8A6C-4F8F-9192-1E96AC17EF7F}.Release|Any CPU.ActiveCfg = Release|Any CPU
		{53D72FB1-8A6C-4F8F-9192-1E96AC17EF7F}.Release|Any CPU.Build.0 = Release|Any CPU
		{22A90F6E-892A-4115-A566-C38B88A67918}.Debug|Any CPU.ActiveCfg = Debug|Any CPU
		{22A90F6E-892A-4115-A566-C38B88A67918}.Debug|Any CPU.Build.0 = Debug|Any CPU
		{22A90F6E-892A-4115-A566-C38B88A67918}.Release|Any CPU.ActiveCfg = Release|Any CPU
		{22A90F6E-892A-4115-A566-C38B88A67918}.Release|Any CPU.Build.0 = Release|Any CPU
		{45CAFD35-580E-4B18-A7CE-7663DB8A79AC}.Debug|Any CPU.ActiveCfg = Debug|Any CPU
		{45CAFD35-580E-4B18-A7CE-7663DB8A79AC}.Debug|Any CPU.Build.0 = Debug|Any CPU
		{45CAFD35-580E-4B18-A7CE-7663DB8A79AC}.Release|Any CPU.ActiveCfg = Release|Any CPU
		{45CAFD35-580E-4B18-A7CE-7663DB8A79AC}.Release|Any CPU.Build.0 = Release|Any CPU
		{0B24DE14-3DC1-4FC6-AA20-7B89EACEB353}.Debug|Any CPU.ActiveCfg = Debug|Any CPU
		{0B24DE14-3DC1-4FC6-AA20-7B89EACEB353}.Debug|Any CPU.Build.0 = Debug|Any CPU
		{0B24DE14-3DC1-4FC6-AA20-7B89EACEB353}.Release|Any CPU.ActiveCfg = Release|Any CPU
		{0B24DE14-3DC1-4FC6-AA20-7B89EACEB353}.Release|Any CPU.Build.0 = Release|Any CPU
		{A312CAB1-FC54-42FC-AA30-26758CDA0EB3}.Debug|Any CPU.ActiveCfg = Debug|Any CPU
		{A312CAB1-FC54-42FC-AA30-26758CDA0EB3}.Debug|Any CPU.Build.0 = Debug|Any CPU
		{A312CAB1-FC54-42FC-AA30-26758CDA0EB3}.Release|Any CPU.ActiveCfg = Release|Any CPU
		{A312CAB1-FC54-42FC-AA30-26758CDA0EB3}.Release|Any CPU.Build.0 = Release|Any CPU
		{BB647DF0-DAAA-499D-9058-84A7647DB133}.Debug|Any CPU.ActiveCfg = Debug|Any CPU
		{BB647DF0-DAAA-499D-9058-84A7647DB133}.Debug|Any CPU.Build.0 = Debug|Any CPU
		{BB647DF0-DAAA-499D-9058-84A7647DB133}.Release|Any CPU.ActiveCfg = Release|Any CPU
		{BB647DF0-DAAA-499D-9058-84A7647DB133}.Release|Any CPU.Build.0 = Release|Any CPU
	EndGlobalSection
	GlobalSection(SolutionProperties) = preSolution
		HideSolutionNode = FALSE
	EndGlobalSection
	GlobalSection(NestedProjects) = preSolution
		{81143E56-030B-45F3-8D40-3581BC983D18} = {02EA681E-C7D8-13C7-8484-4AC65E1B71E8}
		{D34DE4A2-BF38-42ED-91E4-28C82D4CEC28} = {02EA681E-C7D8-13C7-8484-4AC65E1B71E8}
		{A66B7A62-6A8E-4A5B-B67C-904D02FA6D98} = {02EA681E-C7D8-13C7-8484-4AC65E1B71E8}
		{0BC3238F-21DF-4560-8BAA-F000B93B2487} = {02EA681E-C7D8-13C7-8484-4AC65E1B71E8}
		{269B13BC-E938-42E2-AC11-16B2DEB0D22F} = {02EA681E-C7D8-13C7-8484-4AC65E1B71E8}
		{62F4E7E9-15A3-4479-BFC5-56594EA5AEF2} = {02EA681E-C7D8-13C7-8484-4AC65E1B71E8}
		{A3BE213F-EEF1-4979-97C0-1F338809E01D} = {02EA681E-C7D8-13C7-8484-4AC65E1B71E8}
		{53D72FB1-8A6C-4F8F-9192-1E96AC17EF7F} = {D3B2C032-D1E5-4EA3-AD85-ECDC1AD58439}
		{22A90F6E-892A-4115-A566-C38B88A67918} = {D3B2C032-D1E5-4EA3-AD85-ECDC1AD58439}
		{45CAFD35-580E-4B18-A7CE-7663DB8A79AC} = {02EA681E-C7D8-13C7-8484-4AC65E1B71E8}
		{0B24DE14-3DC1-4FC6-AA20-7B89EACEB353} = {02EA681E-C7D8-13C7-8484-4AC65E1B71E8}
		{A312CAB1-FC54-42FC-AA30-26758CDA0EB3} = {02EA681E-C7D8-13C7-8484-4AC65E1B71E8}
		{BB647DF0-DAAA-499D-9058-84A7647DB133} = {02EA681E-C7D8-13C7-8484-4AC65E1B71E8}
	EndGlobalSection
	GlobalSection(ExtensibilityGlobals) = postSolution
		SolutionGuid = {E61D2249-DC44-46AA-9627-C1E50E6C1A88}
	EndGlobalSection
EndGlobal
